
Microsoft Visual Studio Solution File, Format Version 12.00
# Visual Studio Version 16
VisualStudioVersion = 16.0.28803.352
MinimumVisualStudioVersion = 10.0.40219.1
Project("{FAE04EC0-301F-11D3-BF4B-00C04F79EFBC}") = "ConsoleAppTest", "ConsoleAppTest\ConsoleAppTest.csproj", "{96ED1BF3-8A57-41D5-9647-A55F4A64A847}"
EndProject
Project("{FAE04EC0-301F-11D3-BF4B-00C04F79EFBC}") = "ConsoleAppTestTests", "ConsoleAppTestTests\ConsoleAppTestTests.csproj", "{5C3A05EC-36B9-4090-8A36-7A12A0F792DE}"
EndProject
Global
	GlobalSection(SolutionConfigurationPlatforms) = preSolution
		Debug|Any CPU = Debug|Any CPU
		Release|Any CPU = Release|Any CPU
	EndGlobalSection
	GlobalSection(ProjectConfigurationPlatforms) = postSolution
		{96ED1BF3-8A57-41D5-9647-A55F4A64A847}.Debug|Any CPU.ActiveCfg = Debug|Any CPU
		{96ED1BF3-8A57-41D5-9647-A55F4A64A847}.Debug|Any CPU.Build.0 = Debug|Any CPU
		{96ED1BF3-8A57-41D5-9647-A55F4A64A847}.Release|Any CPU.ActiveCfg = Release|Any CPU
		{96ED1BF3-8A57-41D5-9647-A55F4A64A847}.Release|Any CPU.Build.0 = Release|Any CPU
		{5C3A05EC-36B9-4090-8A36-7A12A0F792DE}.Debug|Any CPU.ActiveCfg = Debug|Any CPU
		{5C3A05EC-36B9-4090-8A36-7A12A0F792DE}.Debug|Any CPU.Build.0 = Debug|Any CPU
		{5C3A05EC-36B9-4090-8A36-7A12A0F792DE}.Release|Any CPU.ActiveCfg = Release|Any CPU
		{5C3A05EC-36B9-4090-8A36-7A12A0F792DE}.Release|Any CPU.Build.0 = Release|Any CPU
	EndGlobalSection
	GlobalSection(SolutionProperties) = preSolution
		HideSolutionNode = FALSE
	EndGlobalSection
	GlobalSection(ExtensibilityGlobals) = postSolution
		SolutionGuid = {5255F1CE-C1E7-4381-A68C-65B38FFF1E27}
	EndGlobalSection
EndGlobal
